
Microsoft Visual Studio Solution File, Format Version 12.00
# Visual Studio Version 17
VisualStudioVersion = 17.0.31903.59
MinimumVisualStudioVersion = 10.0.40219.1
Project("{2150E333-8FDC-42A3-9474-1A3956D46DE8}") = "src", "src", "{827E0CD3-B72D-47B6-A68D-7590B98EB39B}"
EndProject
Project("{2150E333-8FDC-42A3-9474-1A3956D46DE8}") = "Core", "Core", "{8D626EA8-CB54-BC41-363A-217881BEBA6E}"
EndProject
Project("{FAE04EC0-301F-11D3-BF4B-00C04F79EFBC}") = "FastFood.PayStream.Domain", "src\Core\FastFood.PayStream.Domain\FastFood.PayStream.Domain.csproj", "{8D4EB4AF-3827-42AC-95D8-4CF55FE36B68}"
EndProject
Project("{FAE04EC0-301F-11D3-BF4B-00C04F79EFBC}") = "FastFood.PayStream.Application", "src\Core\FastFood.PayStream.Application\FastFood.PayStream.Application.csproj", "{9E41A28B-B4A6-4FE6-9453-97D9F5B98D97}"
EndProject
Project("{FAE04EC0-301F-11D3-BF4B-00C04F79EFBC}") = "FastFood.PayStream.Infra", "src\Core\FastFood.PayStream.Infra\FastFood.PayStream.Infra.csproj", "{D4B97C42-BFA2-4E32-B726-9262FC8A4A18}"
EndProject
Project("{FAE04EC0-301F-11D3-BF4B-00C04F79EFBC}") = "FastFood.PayStream.Infra.Persistence", "src\Core\FastFood.PayStream.Infra.Persistence\FastFood.PayStream.Infra.Persistence.csproj", "{635324A4-F373-4F4D-950F-B707D17F815C}"
EndProject
Project("{FAE04EC0-301F-11D3-BF4B-00C04F79EFBC}") = "FastFood.PayStream.CrossCutting", "src\Core\FastFood.PayStream.CrossCutting\FastFood.PayStream.CrossCutting.csproj", "{5CA24DA9-95C3-4DDC-ACBE-27B562C43C9E}"
EndProject
Project("{2150E333-8FDC-42A3-9474-1A3956D46DE8}") = "InterfacesExternas", "InterfacesExternas", "{68D51686-3FE0-D6A9-BE68-1F75766C3817}"
EndProject
Project("{FAE04EC0-301F-11D3-BF4B-00C04F79EFBC}") = "FastFood.PayStream.Api", "src\InterfacesExternas\FastFood.PayStream.Api\FastFood.PayStream.Api.csproj", "{E87D5EF8-B5FE-4FB7-B729-28927C382625}"
EndProject
Project("{FAE04EC0-301F-11D3-BF4B-00C04F79EFBC}") = "FastFood.PayStream.Migrator", "src\InterfacesExternas\FastFood.PayStream.Migrator\FastFood.PayStream.Migrator.csproj", "{2EE765FF-133F-4F7A-BF33-15C4741926B1}"
EndProject
Project("{2150E333-8FDC-42A3-9474-1A3956D46DE8}") = "tests", "tests", "{CEA09484-30F6-4D44-02F6-822E06DBC57C}"
EndProject
Project("{FAE04EC0-301F-11D3-BF4B-00C04F79EFBC}") = "FastFood.PayStream.Tests.Unit", "src\tests\FastFood.PayStream.Tests.Unit\FastFood.PayStream.Tests.Unit.csproj", "{9D6107BE-12A4-4146-AEC3-11C3C055BB98}"
EndProject
Project("{FAE04EC0-301F-11D3-BF4B-00C04F79EFBC}") = "FastFood.PayStream.Tests.Bdd", "src\tests\FastFood.PayStream.Tests.Bdd\FastFood.PayStream.Tests.Bdd.csproj", "{DFA224B6-D9AE-46F1-9E7B-8E669B493E5C}"
EndProject
Global
	GlobalSection(SolutionConfigurationPlatforms) = preSolution
		Debug|Any CPU = Debug|Any CPU
		Debug|x64 = Debug|x64
		Debug|x86 = Debug|x86
		Release|Any CPU = Release|Any CPU
		Release|x64 = Release|x64
		Release|x86 = Release|x86
	EndGlobalSection
	GlobalSection(ProjectConfigurationPlatforms) = postSolution
		{8D4EB4AF-3827-42AC-95D8-4CF55FE36B68}.Debug|Any CPU.ActiveCfg = Debug|Any CPU
		{8D4EB4AF-3827-42AC-95D8-4CF55FE36B68}.Debug|Any CPU.Build.0 = Debug|Any CPU
		{8D4EB4AF-3827-42AC-95D8-4CF55FE36B68}.Debug|x64.ActiveCfg = Debug|Any CPU
		{8D4EB4AF-3827-42AC-95D8-4CF55FE36B68}.Debug|x64.Build.0 = Debug|Any CPU
		{8D4EB4AF-3827-42AC-95D8-4CF55FE36B68}.Debug|x86.ActiveCfg = Debug|Any CPU
		{8D4EB4AF-3827-42AC-95D8-4CF55FE36B68}.Debug|x86.Build.0 = Debug|Any CPU
		{8D4EB4AF-3827-42AC-95D8-4CF55FE36B68}.Release|Any CPU.ActiveCfg = Release|Any CPU
		{8D4EB4AF-3827-42AC-95D8-4CF55FE36B68}.Release|Any CPU.Build.0 = Release|Any CPU
		{8D4EB4AF-3827-42AC-95D8-4CF55FE36B68}.Release|x64.ActiveCfg = Release|Any CPU
		{8D4EB4AF-3827-42AC-95D8-4CF55FE36B68}.Release|x64.Build.0 = Release|Any CPU
		{8D4EB4AF-3827-42AC-95D8-4CF55FE36B68}.Release|x86.ActiveCfg = Release|Any CPU
		{8D4EB4AF-3827-42AC-95D8-4CF55FE36B68}.Release|x86.Build.0 = Release|Any CPU
		{9E41A28B-B4A6-4FE6-9453-97D9F5B98D97}.Debug|Any CPU.ActiveCfg = Debug|Any CPU
		{9E41A28B-B4A6-4FE6-9453-97D9F5B98D97}.Debug|Any CPU.Build.0 = Debug|Any CPU
		{9E41A28B-B4A6-4FE6-9453-97D9F5B98D97}.Debug|x64.ActiveCfg = Debug|Any CPU
		{9E41A28B-B4A6-4FE6-9453-97D9F5B98D97}.Debug|x64.Build.0 = Debug|Any CPU
		{9E41A28B-B4A6-4FE6-9453-97D9F5B98D97}.Debug|x86.ActiveCfg = Debug|Any CPU
		{9E41A28B-B4A6-4FE6-9453-97D9F5B98D97}.Debug|x86.Build.0 = Debug|Any CPU
		{9E41A28B-B4A6-4FE6-9453-97D9F5B98D97}.Release|Any CPU.ActiveCfg = Release|Any CPU
		{9E41A28B-B4A6-4FE6-9453-97D9F5B98D97}.Release|Any CPU.Build.0 = Release|Any CPU
		{9E41A28B-B4A6-4FE6-9453-97D9F5B98D97}.Release|x64.ActiveCfg = Release|Any CPU
		{9E41A28B-B4A6-4FE6-9453-97D9F5B98D97}.Release|x64.Build.0 = Release|Any CPU
		{9E41A28B-B4A6-4FE6-9453-97D9F5B98D97}.Release|x86.ActiveCfg = Release|Any CPU
		{9E41A28B-B4A6-4FE6-9453-97D9F5B98D97}.Release|x86.Build.0 = Release|Any CPU
		{D4B97C42-BFA2-4E32-B726-9262FC8A4A18}.Debug|Any CPU.ActiveCfg = Debug|Any CPU
		{D4B97C42-BFA2-4E32-B726-9262FC8A4A18}.Debug|Any CPU.Build.0 = Debug|Any CPU
		{D4B97C42-BFA2-4E32-B726-9262FC8A4A18}.Debug|x64.ActiveCfg = Debug|Any CPU
		{D4B97C42-BFA2-4E32-B726-9262FC8A4A18}.Debug|x64.Build.0 = Debug|Any CPU
		{D4B97C42-BFA2-4E32-B726-9262FC8A4A18}.Debug|x86.ActiveCfg = Debug|Any CPU
		{D4B97C42-BFA2-4E32-B726-9262FC8A4A18}.Debug|x86.Build.0 = Debug|Any CPU
		{D4B97C42-BFA2-4E32-B726-9262FC8A4A18}.Release|Any CPU.ActiveCfg = Release|Any CPU
		{D4B97C42-BFA2-4E32-B726-9262FC8A4A18}.Release|Any CPU.Build.0 = Release|Any CPU
		{D4B97C42-BFA2-4E32-B726-9262FC8A4A18}.Release|x64.ActiveCfg = Release|Any CPU
		{D4B97C42-BFA2-4E32-B726-9262FC8A4A18}.Release|x64.Build.0 = Release|Any CPU
		{D4B97C42-BFA2-4E32-B726-9262FC8A4A18}.Release|x86.ActiveCfg = Release|Any CPU
		{D4B97C42-BFA2-4E32-B726-9262FC8A4A18}.Release|x86.Build.0 = Release|Any CPU
		{635324A4-F373-4F4D-950F-B707D17F815C}.Debug|Any CPU.ActiveCfg = Debug|Any CPU
		{635324A4-F373-4F4D-950F-B707D17F815C}.Debug|Any CPU.Build.0 = Debug|Any CPU
		{635324A4-F373-4F4D-950F-B707D17F815C}.Debug|x64.ActiveCfg = Debug|Any CPU
		{635324A4-F373-4F4D-950F-B707D17F815C}.Debug|x64.Build.0 = Debug|Any CPU
		{635324A4-F373-4F4D-950F-B707D17F815C}.Debug|x86.ActiveCfg = Debug|Any CPU
		{635324A4-F373-4F4D-950F-B707D17F815C}.Debug|x86.Build.0 = Debug|Any CPU
		{635324A4-F373-4F4D-950F-B707D17F815C}.Release|Any CPU.ActiveCfg = Release|Any CPU
		{635324A4-F373-4F4D-950F-B707D17F815C}.Release|Any CPU.Build.0 = Release|Any CPU
		{635324A4-F373-4F4D-950F-B707D17F815C}.Release|x64.ActiveCfg = Release|Any CPU
		{635324A4-F373-4F4D-950F-B707D17F815C}.Release|x64.Build.0 = Release|Any CPU
		{635324A4-F373-4F4D-950F-B707D17F815C}.Release|x86.ActiveCfg = Release|Any CPU
		{635324A4-F373-4F4D-950F-B707D17F815C}.Release|x86.Build.0 = Release|Any CPU
		{5CA24DA9-95C3-4DDC-ACBE-27B562C43C9E}.Debug|Any CPU.ActiveCfg = Debug|Any CPU
		{5CA24DA9-95C3-4DDC-ACBE-27B562C43C9E}.Debug|Any CPU.Build.0 = Debug|Any CPU
		{5CA24DA9-95C3-4DDC-ACBE-27B562C43C9E}.Debug|x64.ActiveCfg = Debug|Any CPU
		{5CA24DA9-95C3-4DDC-ACBE-27B562C43C9E}.Debug|x64.Build.0 = Debug|Any CPU
		{5CA24DA9-95C3-4DDC-ACBE-27B562C43C9E}.Debug|x86.ActiveCfg = Debug|Any CPU
		{5CA24DA9-95C3-4DDC-ACBE-27B562C43C9E}.Debug|x86.Build.0 = Debug|Any CPU
		{5CA24DA9-95C3-4DDC-ACBE-27B562C43C9E}.Release|Any CPU.ActiveCfg = Release|Any CPU
		{5CA24DA9-95C3-4DDC-ACBE-27B562C43C9E}.Release|Any CPU.Build.0 = Release|Any CPU
		{5CA24DA9-95C3-4DDC-ACBE-27B562C43C9E}.Release|x64.ActiveCfg = Release|Any CPU
		{5CA24DA9-95C3-4DDC-ACBE-27B562C43C9E}.Release|x64.Build.0 = Release|Any CPU
		{5CA24DA9-95C3-4DDC-ACBE-27B562C43C9E}.Release|x86.ActiveCfg = Release|Any CPU
		{5CA24DA9-95C3-4DDC-ACBE-27B562C43C9E}.Release|x86.Build.0 = Release|Any CPU
		{E87D5EF8-B5FE-4FB7-B729-28927C382625}.Debug|Any CPU.ActiveCfg = Debug|Any CPU
		{E87D5EF8-B5FE-4FB7-B729-28927C382625}.Debug|Any CPU.Build.0 = Debug|Any CPU
		{E87D5EF8-B5FE-4FB7-B729-28927C382625}.Debug|x64.ActiveCfg = Debug|Any CPU
		{E87D5EF8-B5FE-4FB7-B729-28927C382625}.Debug|x64.Build.0 = Debug|Any CPU
		{E87D5EF8-B5FE-4FB7-B729-28927C382625}.Debug|x86.ActiveCfg = Debug|Any CPU
		{E87D5EF8-B5FE-4FB7-B729-28927C382625}.Debug|x86.Build.0 = Debug|Any CPU
		{E87D5EF8-B5FE-4FB7-B729-28927C382625}.Release|Any CPU.ActiveCfg = Release|Any CPU
		{E87D5EF8-B5FE-4FB7-B729-28927C382625}.Release|Any CPU.Build.0 = Release|Any CPU
		{E87D5EF8-B5FE-4FB7-B729-28927C382625}.Release|x64.ActiveCfg = Release|Any CPU
		{E87D5EF8-B5FE-4FB7-B729-28927C382625}.Release|x64.Build.0 = Release|Any CPU
		{E87D5EF8-B5FE-4FB7-B729-28927C382625}.Release|x86.ActiveCfg = Release|Any CPU
		{E87D5EF8-B5FE-4FB7-B729-28927C382625}.Release|x86.Build.0 = Release|Any CPU
		{2EE765FF-133F-4F7A-BF33-15C4741926B1}.Debug|Any CPU.ActiveCfg = Debug|Any CPU
		{2EE765FF-133F-4F7A-BF33-15C4741926B1}.Debug|Any CPU.Build.0 = Debug|Any CPU
		{2EE765FF-133F-4F7A-BF33-15C4741926B1}.Debug|x64.ActiveCfg = Debug|Any CPU
		{2EE765FF-133F-4F7A-BF33-15C4741926B1}.Debug|x64.Build.0 = Debug|Any CPU
		{2EE765FF-133F-4F7A-BF33-15C4741926B1}.Debug|x86.ActiveCfg = Debug|Any CPU
		{2EE765FF-133F-4F7A-BF33-15C4741926B1}.Debug|x86.Build.0 = Debug|Any CPU
		{2EE765FF-133F-4F7A-BF33-15C4741926B1}.Release|Any CPU.ActiveCfg = Release|Any CPU
		{2EE765FF-133F-4F7A-BF33-15C4741926B1}.Release|Any CPU.Build.0 = Release|Any CPU
		{2EE765FF-133F-4F7A-BF33-15C4741926B1}.Release|x64.ActiveCfg = Release|Any CPU
		{2EE765FF-133F-4F7A-BF33-15C4741926B1}.Release|x64.Build.0 = Release|Any CPU
		{2EE765FF-133F-4F7A-BF33-15C4741926B1}.Release|x86.ActiveCfg = Release|Any CPU
		{2EE765FF-133F-4F7A-BF33-15C4741926B1}.Release|x86.Build.0 = Release|Any CPU
		{9D6107BE-12A4-4146-AEC3-11C3C055BB98}.Debug|Any CPU.ActiveCfg = Debug|Any CPU
		{9D6107BE-12A4-4146-AEC3-11C3C055BB98}.Debug|Any CPU.Build.0 = Debug|Any CPU
		{9D6107BE-12A4-4146-AEC3-11C3C055BB98}.Debug|x64.ActiveCfg = Debug|Any CPU
		{9D6107BE-12A4-4146-AEC3-11C3C055BB98}.Debug|x64.Build.0 = Debug|Any CPU
		{9D6107BE-12A4-4146-AEC3-11C3C055BB98}.Debug|x86.ActiveCfg = Debug|Any CPU
		{9D6107BE-12A4-4146-AEC3-11C3C055BB98}.Debug|x86.Build.0 = Debug|Any CPU
		{9D6107BE-12A4-4146-AEC3-11C3C055BB98}.Release|Any CPU.ActiveCfg = Release|Any CPU
		{9D6107BE-12A4-4146-AEC3-11C3C055BB98}.Release|Any CPU.Build.0 = Release|Any CPU
		{9D6107BE-12A4-4146-AEC3-11C3C055BB98}.Release|x64.ActiveCfg = Release|Any CPU
		{9D6107BE-12A4-4146-AEC3-11C3C055BB98}.Release|x64.Build.0 = Release|Any CPU
		{9D6107BE-12A4-4146-AEC3-11C3C055BB98}.Release|x86.ActiveCfg = Release|Any CPU
		{9D6107BE-12A4-4146-AEC3-11C3C055BB98}.Release|x86.Build.0 = Release|Any CPU
		{DFA224B6-D9AE-46F1-9E7B-8E669B493E5C}.Debug|Any CPU.ActiveCfg = Debug|Any CPU
		{DFA224B6-D9AE-46F1-9E7B-8E669B493E5C}.Debug|Any CPU.Build.0 = Debug|Any CPU
		{DFA224B6-D9AE-46F1-9E7B-8E669B493E5C}.Debug|x64.ActiveCfg = Debug|Any CPU
		{DFA224B6-D9AE-46F1-9E7B-8E669B493E5C}.Debug|x64.Build.0 = Debug|Any CPU
		{DFA224B6-D9AE-46F1-9E7B-8E669B493E5C}.Debug|x86.ActiveCfg = Debug|Any CPU
		{DFA224B6-D9AE-46F1-9E7B-8E669B493E5C}.Debug|x86.Build.0 = Debug|Any CPU
		{DFA224B6-D9AE-46F1-9E7B-8E669B493E5C}.Release|Any CPU.ActiveCfg = Release|Any CPU
		{DFA224B6-D9AE-46F1-9E7B-8E669B493E5C}.Release|Any CPU.Build.0 = Release|Any CPU
		{DFA224B6-D9AE-46F1-9E7B-8E669B493E5C}.Release|x64.ActiveCfg = Release|Any CPU
		{DFA224B6-D9AE-46F1-9E7B-8E669B493E5C}.Release|x64.Build.0 = Release|Any CPU
		{DFA224B6-D9AE-46F1-9E7B-8E669B493E5C}.Release|x86.ActiveCfg = Release|Any CPU
		{DFA224B6-D9AE-46F1-9E7B-8E669B493E5C}.Release|x86.Build.0 = Release|Any CPU
	EndGlobalSection
	GlobalSection(SolutionProperties) = preSolution
		HideSolutionNode = FALSE
	EndGlobalSection
	GlobalSection(NestedProjects) = preSolution
		{8D626EA8-CB54-BC41-363A-217881BEBA6E} = {827E0CD3-B72D-47B6-A68D-7590B98EB39B}
		{8D4EB4AF-3827-42AC-95D8-4CF55FE36B68} = {8D626EA8-CB54-BC41-363A-217881BEBA6E}
		{9E41A28B-B4A6-4FE6-9453-97D9F5B98D97} = {8D626EA8-CB54-BC41-363A-217881BEBA6E}
		{D4B97C42-BFA2-4E32-B726-9262FC8A4A18} = {8D626EA8-CB54-BC41-363A-217881BEBA6E}
		{635324A4-F373-4F4D-950F-B707D17F815C} = {8D626EA8-CB54-BC41-363A-217881BEBA6E}
		{5CA24DA9-95C3-4DDC-ACBE-27B562C43C9E} = {8D626EA8-CB54-BC41-363A-217881BEBA6E}
		{68D51686-3FE0-D6A9-BE68-1F75766C3817} = {827E0CD3-B72D-47B6-A68D-7590B98EB39B}
		{E87D5EF8-B5FE-4FB7-B729-28927C382625} = {68D51686-3FE0-D6A9-BE68-1F75766C3817}
		{2EE765FF-133F-4F7A-BF33-15C4741926B1} = {68D51686-3FE0-D6A9-BE68-1F75766C3817}
		{CEA09484-30F6-4D44-02F6-822E06DBC57C} = {827E0CD3-B72D-47B6-A68D-7590B98EB39B}
		{9D6107BE-12A4-4146-AEC3-11C3C055BB98} = {CEA09484-30F6-4D44-02F6-822E06DBC57C}
		{DFA224B6-D9AE-46F1-9E7B-8E669B493E5C} = {CEA09484-30F6-4D44-02F6-822E06DBC57C}
	EndGlobalSection
EndGlobal
